{
  "name": "socketclient",
  "version": "1.0.0",
  "lockfileVersion": 1,
  "requires": true,
  "dependencies": {
    "systeminformation": {
      "version": "4.21.1",
      "resolved": "https://registry.npmjs.org/systeminformation/-/systeminformation-4.21.1.tgz",
      "integrity": "sha512-IQMy+ieSThY+MfLZaCdQsGCteMah4nhsDQcnT9DhocoJnhMKVUqDY025j1i+MSm7qdUCMXS5oV7dvttr+pSodw=="
    }
  }
}
